
Microsoft Visual Studio Solution File, Format Version 12.00
# Visual Studio 2012
Project("{8BC9CEB8-8B4A-11D0-8D11-00A0C91BC942}") = "OpenGLTest", "ConsoleApplication20\ConsoleApplication20.vcxproj", "{568BC9EF-F5FA-4767-913C-6A094D705B49}"
EndProject
Global
	GlobalSection(TeamFoundationVersionControl) = preSolution
		SccNumberOfProjects = 2
		SccEnterpriseProvider = {4CA58AB2-18FA-4F8D-95D4-32DDF27D184C}
		SccTeamFoundationServer = http://samre:8080/tfs/opengl
		SccProjectUniqueName0 = ConsoleApplication20\\ConsoleApplication20.vcxproj
		SccProjectName0 = ConsoleApplication20
		SccLocalPath0 = ConsoleApplication20
		SccLocalPath1 = .
	EndGlobalSection
	GlobalSection(SolutionConfigurationPlatforms) = preSolution
		Debug|Win32 = Debug|Win32
		Release|Win32 = Release|Win32
	EndGlobalSection
	GlobalSection(ProjectConfigurationPlatforms) = postSolution
		{568BC9EF-F5FA-4767-913C-6A094D705B49}.Debug|Win32.ActiveCfg = Debug|Win32
		{568BC9EF-F5FA-4767-913C-6A094D705B49}.Debug|Win32.Build.0 = Debug|Win32
		{568BC9EF-F5FA-4767-913C-6A094D705B49}.Release|Win32.ActiveCfg = Release|Win32
		{568BC9EF-F5FA-4767-913C-6A094D705B49}.Release|Win32.Build.0 = Release|Win32
	EndGlobalSection
	GlobalSection(SolutionProperties) = preSolution
		HideSolutionNode = FALSE
	EndGlobalSection
EndGlobal
